
Microsoft Visual Studio Solution File, Format Version 12.00
# Visual Studio Version 17
VisualStudioVersion = 17.13.35931.197 d17.13
MinimumVisualStudioVersion = 10.0.40219.1
Project("{FAE04EC0-301F-11D3-BF4B-00C04F79EFBC}") = "Planet_CaseStudy", "Planet_CaseStudy\Planet_CaseStudy.csproj", "{E5EDD5BE-096D-4610-BC7B-58C8C629C751}"
EndProject
Global
	GlobalSection(SolutionConfigurationPlatforms) = preSolution
		Debug|Any CPU = Debug|Any CPU
		Release|Any CPU = Release|Any CPU
	EndGlobalSection
	GlobalSection(ProjectConfigurationPlatforms) = postSolution
		{E5EDD5BE-096D-4610-BC7B-58C8C629C751}.Debug|Any CPU.ActiveCfg = Debug|Any CPU
		{E5EDD5BE-096D-4610-BC7B-58C8C629C751}.Debug|Any CPU.Build.0 = Debug|Any CPU
		{E5EDD5BE-096D-4610-BC7B-58C8C629C751}.Release|Any CPU.ActiveCfg = Release|Any CPU
		{E5EDD5BE-096D-4610-BC7B-58C8C629C751}.Release|Any CPU.Build.0 = Release|Any CPU
	EndGlobalSection
	GlobalSection(SolutionProperties) = preSolution
		HideSolutionNode = FALSE
	EndGlobalSection
	GlobalSection(ExtensibilityGlobals) = postSolution
		SolutionGuid = {C3A4A786-0246-43B5-B06B-254B81D8CFDE}
	EndGlobalSection
EndGlobal
